
Microsoft Visual Studio Solution File, Format Version 12.00
# Visual Studio Version 17
VisualStudioVersion = 17.11.35222.181
MinimumVisualStudioVersion = 10.0.40219.1
Project("{FAE04EC0-301F-11D3-BF4B-00C04F79EFBC}") = "OperatorExamples", "OperatorExamples.csproj", "{D00EAE52-6F41-4878-8929-8AFB36B90197}"
EndProject
Global
	GlobalSection(SolutionConfigurationPlatforms) = preSolution
		Debug|Any CPU = Debug|Any CPU
		Release|Any CPU = Release|Any CPU
	EndGlobalSection
	GlobalSection(ProjectConfigurationPlatforms) = postSolution
		{D00EAE52-6F41-4878-8929-8AFB36B90197}.Debug|Any CPU.ActiveCfg = Debug|Any CPU
		{D00EAE52-6F41-4878-8929-8AFB36B90197}.Debug|Any CPU.Build.0 = Debug|Any CPU
		{D00EAE52-6F41-4878-8929-8AFB36B90197}.Release|Any CPU.ActiveCfg = Release|Any CPU
		{D00EAE52-6F41-4878-8929-8AFB36B90197}.Release|Any CPU.Build.0 = Release|Any CPU
	EndGlobalSection
	GlobalSection(SolutionProperties) = preSolution
		HideSolutionNode = FALSE
	EndGlobalSection
	GlobalSection(ExtensibilityGlobals) = postSolution
		SolutionGuid = {DD94C8F4-6D87-40FC-B45E-2D807A8D18FD}
	EndGlobalSection
EndGlobal
